{
  "name": "Auftrag2",
  "lockfileVersion": 3,
  "requires": true,
  "packages": {
    "": {
      "dependencies": {
        "rambda": "^11.1.0"
      }
    },
    "node_modules/rambda": {
      "version": "11.1.0",
      "resolved": "https://registry.npmjs.org/rambda/-/rambda-11.1.0.tgz",
      "integrity": "sha512-trnSijNtQHw8QecCZR31nLAa1Ixg6QJPsUIx2iqy5ZH5jdY1Z7/DvH9bMTS4rSGJW5Tza0ST9eG6RRqAbQaohQ==",
      "license": "MIT"
    }
  }
}
